
Microsoft Visual Studio Solution File, Format Version 12.00
# Visual Studio Version 17
VisualStudioVersion = 17.11.35222.181
MinimumVisualStudioVersion = 10.0.40219.1
Project("{FAE04EC0-301F-11D3-BF4B-00C04F79EFBC}") = "PizzeriaWeb3.1", "PizzeriaWeb3.1\PizzeriaWeb3.1.csproj", "{2A658EC2-0807-4BA2-A9B9-88FB8037EA4B}"
EndProject
Global
	GlobalSection(SolutionConfigurationPlatforms) = preSolution
		Debug|Any CPU = Debug|Any CPU
		Release|Any CPU = Release|Any CPU
	EndGlobalSection
	GlobalSection(ProjectConfigurationPlatforms) = postSolution
		{2A658EC2-0807-4BA2-A9B9-88FB8037EA4B}.Debug|Any CPU.ActiveCfg = Debug|Any CPU
		{2A658EC2-0807-4BA2-A9B9-88FB8037EA4B}.Debug|Any CPU.Build.0 = Debug|Any CPU
		{2A658EC2-0807-4BA2-A9B9-88FB8037EA4B}.Release|Any CPU.ActiveCfg = Release|Any CPU
		{2A658EC2-0807-4BA2-A9B9-88FB8037EA4B}.Release|Any CPU.Build.0 = Release|Any CPU
	EndGlobalSection
	GlobalSection(SolutionProperties) = preSolution
		HideSolutionNode = FALSE
	EndGlobalSection
	GlobalSection(ExtensibilityGlobals) = postSolution
		SolutionGuid = {471A6F7D-57EE-4689-8E53-8C3D871BCEFE}
	EndGlobalSection
EndGlobal
